
Microsoft Visual Studio Solution File, Format Version 12.00
# Visual Studio Version 17
VisualStudioVersion = 17.5.33516.290
MinimumVisualStudioVersion = 10.0.40219.1
Project("{9A19103F-16F7-4668-BE54-9A1E7A4F7556}") = "ForlogicAutoAvaliacao", "WebApplication1\ForlogicAutoAvaliacao.csproj", "{DD565F61-63A3-436B-8992-D2BE368A8DD8}"
EndProject
Project("{FAE04EC0-301F-11D3-BF4B-00C04F79EFBC}") = "ForlogicAutoAvaliacao.TestApi", "ForlogicAutoAvaliacao.TestApi\ForlogicAutoAvaliacao.TestApi.csproj", "{E8CA3F62-2144-45AB-9473-5406855ABAC0}"
EndProject
Global
	GlobalSection(SolutionConfigurationPlatforms) = preSolution
		Debug|Any CPU = Debug|Any CPU
		Release|Any CPU = Release|Any CPU
	EndGlobalSection
	GlobalSection(ProjectConfigurationPlatforms) = postSolution
		{DD565F61-63A3-436B-8992-D2BE368A8DD8}.Debug|Any CPU.ActiveCfg = Debug|Any CPU
		{DD565F61-63A3-436B-8992-D2BE368A8DD8}.Debug|Any CPU.Build.0 = Debug|Any CPU
		{DD565F61-63A3-436B-8992-D2BE368A8DD8}.Release|Any CPU.ActiveCfg = Release|Any CPU
		{DD565F61-63A3-436B-8992-D2BE368A8DD8}.Release|Any CPU.Build.0 = Release|Any CPU
		{E8CA3F62-2144-45AB-9473-5406855ABAC0}.Debug|Any CPU.ActiveCfg = Debug|Any CPU
		{E8CA3F62-2144-45AB-9473-5406855ABAC0}.Debug|Any CPU.Build.0 = Debug|Any CPU
		{E8CA3F62-2144-45AB-9473-5406855ABAC0}.Release|Any CPU.ActiveCfg = Release|Any CPU
		{E8CA3F62-2144-45AB-9473-5406855ABAC0}.Release|Any CPU.Build.0 = Release|Any CPU
	EndGlobalSection
	GlobalSection(SolutionProperties) = preSolution
		HideSolutionNode = FALSE
	EndGlobalSection
	GlobalSection(ExtensibilityGlobals) = postSolution
		SolutionGuid = {79D3B587-E9F8-4216-A700-45EDC8259AD2}
	EndGlobalSection
EndGlobal
